// !$*UTF8*$!
{
	archiveVersion = 1;
	classes = {
	};
	objectVersion = 50;
	objects = {

/* Begin PBXBuildFile section */
		A0EEC616207EDD85000F644B /* AppDelegate.swift in Sources */ = {isa = PBXBuildFile; fileRef = A0EEC615207EDD85000F644B /* AppDelegate.swift */; };
		A0EEC618207EDD85000F644B /* ViewController.swift in Sources */ = {isa = PBXBuildFile; fileRef = A0EEC617207EDD85000F644B /* ViewController.swift */; };
		A0EEC61B207EDD85000F644B /* Main.storyboard in Resources */ = {isa = PBXBuildFile; fileRef = A0EEC619207EDD85000F644B /* Main.storyboard */; };
		A0EEC61D207EDD87000F644B /* Assets.xcassets in Resources */ = {isa = PBXBuildFile; fileRef = A0EEC61C207EDD87000F644B /* Assets.xcassets */; };
		A0EEC620207EDD87000F644B /* LaunchScreen.storyboard in Resources */ = {isa = PBXBuildFile; fileRef = A0EEC61E207EDD87000F644B /* LaunchScreen.storyboard */; };
		A0EEC62B207EDD88000F644B /* MarvelHeroeListTests.swift in Sources */ = {isa = PBXBuildFile; fileRef = A0EEC62A207EDD88000F644B /* MarvelHeroeListTests.swift */; };
		A0EEC636207EDD88000F644B /* MarvelHeroeListUITests.swift in Sources */ = {isa = PBXBuildFile; fileRef = A0EEC635207EDD88000F644B /* MarvelHeroeListUITests.swift */; };
/* End PBXBuildFile section */

/* Begin PBXContainerItemProxy section */
		A0EEC627207EDD88000F644B /* PBXContainerItemProxy */ = {
			isa = PBXContainerItemProxy;
			containerPortal = A0EEC60A207EDD85000F644B /* Project object */;
			proxyType = 1;
			remoteGlobalIDString = A0EEC611207EDD85000F644B;
			remoteInfo = MarvelHeroeList;
		};
		A0EEC632207EDD88000F644B /* PBXContainerItemProxy */ = {
			isa = PBXContainerItemProxy;
			containerPortal = A0EEC60A207EDD85000F644B /* Project object */;
			proxyType = 1;
			remoteGlobalIDString = A0EEC611207EDD85000F644B;
			remoteInfo = MarvelHeroeList;
		};
/* End PBXContainerItemProxy section */

/* Begin PBXFileReference section */
		A0EEC612207EDD85000F644B /* MarvelHeroeList.app */ = {isa = PBXFileReference; explicitFileType = wrapper.application; includeInIndex = 0; path = MarvelHeroeList.app; sourceTree = BUILT_PRODUCTS_DIR; };
		A0EEC615207EDD85000F644B /* AppDelegate.swift */ = {isa = PBXFileReference; lastKnownFileType = sourcecode.swift; path = AppDelegate.swift; sourceTree = "<group>"; };
		A0EEC617207EDD85000F644B /* ViewController.swift */ = {isa = PBXFileReference; lastKnownFileType = sourcecode.swift; path = ViewController.swift; sourceTree = "<group>"; };
		A0EEC61A207EDD85000F644B /* Base */ = {isa = PBXFileReference; lastKnownFileType = file.storyboard; name = Base; path = Base.lproj/Main.storyboard; sourceTree = "<group>"; };
		A0EEC61C207EDD87000F644B /* Assets.xcassets */ = {isa = PBXFileReference; lastKnownFileType = folder.assetcatalog; path = Assets.xcassets; sourceTree = "<group>"; };
		A0EEC61F207EDD87000F644B /* Base */ = {isa = PBXFileReference; lastKnownFileType = file.storyboard; name = Base; path = Base.lproj/LaunchScreen.storyboard; sourceTree = "<group>"; };
		A0EEC621207EDD87000F644B /* Info.plist */ = {isa = PBXFileReference; lastKnownFileType = text.plist.xml; path = Info.plist; sourceTree = "<group>"; };
		A0EEC626207EDD88000F644B /* MarvelHeroeListTests.xctest */ = {isa = PBXFileReference; explicitFileType = wrapper.cfbundle; includeInIndex = 0; path = MarvelHeroeListTests.xctest; sourceTree = BUILT_PRODUCTS_DIR; };
		A0EEC62A207EDD88000F644B /* MarvelHeroeListTests.swift */ = {isa = PBXFileReference; lastKnownFileType = sourcecode.swift; path = MarvelHeroeListTests.swift; sourceTree = "<group>"; };
		A0EEC62C207EDD88000F644B /* Info.plist */ = {isa = PBXFileReference; lastKnownFileType = text.plist.xml; path = Info.plist; sourceTree = "<group>"; };
		A0EEC631207EDD88000F644B /* MarvelHeroeListUITests.xctest */ = {isa = PBXFileReference; explicitFileType = wrapper.cfbundle; includeInIndex = 0; path = MarvelHeroeListUITests.xctest; sourceTree = BUILT_PRODUCTS_DIR; };
		A0EEC635207EDD88000F644B /* MarvelHeroeListUITests.swift */ = {isa = PBXFileReference; lastKnownFileType = sourcecode.swift; path = MarvelHeroeListUITests.swift; sourceTree = "<group>"; };
		A0EEC637207EDD88000F644B /* Info.plist */ = {isa = PBXFileReference; lastKnownFileType = text.plist.xml; path = Info.plist; sourceTree = "<group>"; };
/* End PBXFileReference section */

/* Begin PBXFrameworksBuildPhase section */
		A0EEC60F207EDD85000F644B /* Frameworks */ = {
			isa = PBXFrameworksBuildPhase;
			buildActionMask = 2147483647;
			files = (
			);
			runOnlyForDeploymentPostprocessing = 0;
		};
		A0EEC623207EDD88000F644B /* Frameworks */ = {
			isa = PBXFrameworksBuildPhase;
			buildActionMask = 2147483647;
			files = (
			);
			runOnlyForDeploymentPostprocessing = 0;
		};
		A0EEC62E207EDD88000F644B /* Frameworks */ = {
			isa = PBXFrameworksBuildPhase;
			buildActionMask = 2147483647;
			files = (
			);
			runOnlyForDeploymentPostprocessing = 0;
		};
/* End PBXFrameworksBuildPhase section */

/* Begin PBXGroup section */
		A0EEC609207EDD85000F644B = {
			isa = PBXGroup;
			children = (
				A0EEC614207EDD85000F644B /* MarvelHeroeList */,
				A0EEC629207EDD88000F644B /* MarvelHeroeListTests */,
				A0EEC634207EDD88000F644B /* MarvelHeroeListUITests */,
				A0EEC613207EDD85000F644B /* Products */,
			);
			sourceTree = "<group>";
		};
		A0EEC613207EDD85000F644B /* Products */ = {
			isa = PBXGroup;
			children = (
				A0EEC612207EDD85000F644B /* MarvelHeroeList.app */,
				A0EEC626207EDD88000F644B /* MarvelHeroeListTests.xctest */,
				A0EEC631207EDD88000F644B /* MarvelHeroeListUITests.xctest */,
			);
			name = Products;
			sourceTree = "<group>";
		};
		A0EEC614207EDD85000F644B /* MarvelHeroeList */ = {
			isa = PBXGroup;
			children = (
				A0EEC615207EDD85000F644B /* AppDelegate.swift */,
				A0EEC617207EDD85000F644B /* ViewController.swift */,
				A0EEC619207EDD85000F644B /* Main.storyboard */,
				A0EEC61C207EDD87000F644B /* Assets.xcassets */,
				A0EEC61E207EDD87000F644B /* LaunchScreen.storyboard */,
				A0EEC621207EDD87000F644B /* Info.plist */,
			);
			path = MarvelHeroeList;
			sourceTree = "<group>";
		};
		A0EEC629207EDD88000F644B /* MarvelHeroeListTests */ = {
			isa = PBXGroup;
			children = (
				A0EEC62A207EDD88000F644B /* MarvelHeroeListTests.swift */,
				A0EEC62C207EDD88000F644B /* Info.plist */,
			);
			path = MarvelHeroeListTests;
			sourceTree = "<group>";
		};
		A0EEC634207EDD88000F644B /* MarvelHeroeListUITests */ = {
			isa = PBXGroup;
			children = (
				A0EEC635207EDD88000F644B /* MarvelHeroeListUITests.swift */,
				A0EEC637207EDD88000F644B /* Info.plist */,
			);
			path = MarvelHeroeListUITests;
			sourceTree = "<group>";
		};
/* End PBXGroup section */

/* Begin PBXNativeTarget section */
		A0EEC611207EDD85000F644B /* MarvelHeroeList */ = {
			isa = PBXNativeTarget;
			buildConfigurationList = A0EEC63A207EDD88000F644B /* Build configuration list for PBXNativeTarget "MarvelHeroeList" */;
			buildPhases = (
				A0EEC60E207EDD85000F644B /* Sources */,
				A0EEC60F207EDD85000F644B /* Frameworks */,
				A0EEC610207EDD85000F644B /* Resources */,
			);
			buildRules = (
			);
			dependencies = (
			);
			name = MarvelHeroeList;
			productName = MarvelHeroeList;
			productReference = A0EEC612207EDD85000F644B /* MarvelHeroeList.app */;
			productType = "com.apple.product-type.application";
		};
		A0EEC625207EDD88000F644B /* MarvelHeroeListTests */ = {
			isa = PBXNativeTarget;
			buildConfigurationList = A0EEC63D207EDD88000F644B /* Build configuration list for PBXNativeTarget "MarvelHeroeListTests" */;
			buildPhases = (
				A0EEC622207EDD88000F644B /* Sources */,
				A0EEC623207EDD88000F644B /* Frameworks */,
				A0EEC624207EDD88000F644B /* Resources */,
			);
			buildRules = (
			);
			dependencies = (
				A0EEC628207EDD88000F644B /* PBXTargetDependency */,
			);
			name = MarvelHeroeListTests;
			productName = MarvelHeroeListTests;
			productReference = A0EEC626207EDD88000F644B /* MarvelHeroeListTests.xctest */;
			productType = "com.apple.product-type.bundle.unit-test";
		};
		A0EEC630207EDD88000F644B /* MarvelHeroeListUITests */ = {
			isa = PBXNativeTarget;
			buildConfigurationList = A0EEC640207EDD88000F644B /* Build configuration list for PBXNativeTarget "MarvelHeroeListUITests" */;
			buildPhases = (
				A0EEC62D207EDD88000F644B /* Sources */,
				A0EEC62E207EDD88000F644B /* Frameworks */,
				A0EEC62F207EDD88000F644B /* Resources */,
			);
			buildRules = (
			);
			dependencies = (
				A0EEC633207EDD88000F644B /* PBXTargetDependency */,
			);
			name = MarvelHeroeListUITests;
			productName = MarvelHeroeListUITests;
			productReference = A0EEC631207EDD88000F644B /* MarvelHeroeListUITests.xctest */;
			productType = "com.apple.product-type.bundle.ui-testing";
		};
/* End PBXNativeTarget section */

/* Begin PBXProject section */
		A0EEC60A207EDD85000F644B /* Project object */ = {
			isa = PBXProject;
			attributes = {
				LastSwiftUpdateCheck = 0930;
				LastUpgradeCheck = 0930;
				ORGANIZATIONNAME = "Pedro Lopes";
				TargetAttributes = {
					A0EEC611207EDD85000F644B = {
						CreatedOnToolsVersion = 9.3;
					};
					A0EEC625207EDD88000F644B = {
						CreatedOnToolsVersion = 9.3;
						TestTargetID = A0EEC611207EDD85000F644B;
					};
					A0EEC630207EDD88000F644B = {
						CreatedOnToolsVersion = 9.3;
						TestTargetID = A0EEC611207EDD85000F644B;
					};
				};
			};
			buildConfigurationList = A0EEC60D207EDD85000F644B /* Build configuration list for PBXProject "MarvelHeroeList" */;
			compatibilityVersion = "Xcode 9.3";
			developmentRegion = en;
			hasScannedForEncodings = 0;
			knownRegions = (
				en,
				Base,
			);
			mainGroup = A0EEC609207EDD85000F644B;
			productRefGroup = A0EEC613207EDD85000F644B /* Products */;
			projectDirPath = "";
			projectRoot = "";
			targets = (
				A0EEC611207EDD85000F644B /* MarvelHeroeList */,
				A0EEC625207EDD88000F644B /* MarvelHeroeListTests */,
				A0EEC630207EDD88000F644B /* MarvelHeroeListUITests */,
			);
		};
/* End PBXProject section */

/* Begin PBXResourcesBuildPhase section */
		A0EEC610207EDD85000F644B /* Resources */ = {
			isa = PBXResourcesBuildPhase;
			buildActionMask = 2147483647;
			files = (
				A0EEC620207EDD87000F644B /* LaunchScreen.storyboard in Resources */,
				A0EEC61D207EDD87000F644B /* Assets.xcassets in Resources */,
				A0EEC61B207EDD85000F644B /* Main.storyboard in Resources */,
			);
			runOnlyForDeploymentPostprocessing = 0;
		};
		A0EEC624207EDD88000F644B /* Resources */ = {
			isa = PBXResourcesBuildPhase;
			buildActionMask = 2147483647;
			files = (
			);
			runOnlyForDeploymentPostprocessing = 0;
		};
		A0EEC62F207EDD88000F644B /* Resources */ = {
			isa = PBXResourcesBuildPhase;
			buildActionMask = 2147483647;
			files = (
			);
			runOnlyForDeploymentPostprocessing = 0;
		};
/* End PBXResourcesBuildPhase section */

/* Begin PBXSourcesBuildPhase section */
		A0EEC60E207EDD85000F644B /* Sources */ = {
			isa = PBXSourcesBuildPhase;
			buildActionMask = 2147483647;
			files = (
				A0EEC618207EDD85000F644B /* ViewController.swift in Sources */,
				A0EEC616207EDD85000F644B /* AppDelegate.swift in Sources */,
			);
			runOnlyForDeploymentPostprocessing = 0;
		};
		A0EEC622207EDD88000F644B /* Sources */ = {
			isa = PBXSourcesBuildPhase;
			buildActionMask = 2147483647;
			files = (
				A0EEC62B207EDD88000F644B /* MarvelHeroeListTests.swift in Sources */,
			);
			runOnlyForDeploymentPostprocessing = 0;
		};
		A0EEC62D207EDD88000F644B /* Sources */ = {
			isa = PBXSourcesBuildPhase;
			buildActionMask = 2147483647;
			files = (
				A0EEC636207EDD88000F644B /* MarvelHeroeListUITests.swift in Sources */,
			);
			runOnlyForDeploymentPostprocessing = 0;
		};
/* End PBXSourcesBuildPhase section */

/* Begin PBXTargetDependency section */
		A0EEC628207EDD88000F644B /* PBXTargetDependency */ = {
			isa = PBXTargetDependency;
			target = A0EEC611207EDD85000F644B /* MarvelHeroeList */;
			targetProxy = A0EEC627207EDD88000F644B /* PBXContainerItemProxy */;
		};
		A0EEC633207EDD88000F644B /* PBXTargetDependency */ = {
			isa = PBXTargetDependency;
			target = A0EEC611207EDD85000F644B /* MarvelHeroeList */;
			targetProxy = A0EEC632207EDD88000F644B /* PBXContainerItemProxy */;
		};
/* End PBXTargetDependency section */

/* Begin PBXVariantGroup section */
		A0EEC619207EDD85000F644B /* Main.storyboard */ = {
			isa = PBXVariantGroup;
			children = (
				A0EEC61A207EDD85000F644B /* Base */,
			);
			name = Main.storyboard;
			sourceTree = "<group>";
		};
		A0EEC61E207EDD87000F644B /* LaunchScreen.storyboard */ = {
			isa = PBXVariantGroup;
			children = (
				A0EEC61F207EDD87000F644B /* Base */,
			);
			name = LaunchScreen.storyboard;
			sourceTree = "<group>";
		};
/* End PBXVariantGroup section */

/* Begin XCBuildConfiguration section */
		A0EEC638207EDD88000F644B /* Debug */ = {
			isa = XCBuildConfiguration;
			buildSettings = {
				ALWAYS_SEARCH_USER_PATHS = NO;
				CLANG_ANALYZER_NONNULL = YES;
				CLANG_ANALYZER_NUMBER_OBJECT_CONVERSION = YES_AGGRESSIVE;
				CLANG_CXX_LANGUAGE_STANDARD = "gnu++14";
				CLANG_CXX_LIBRARY = "libc++";
				CLANG_ENABLE_MODULES = YES;
				CLANG_ENABLE_OBJC_ARC = YES;
				CLANG_ENABLE_OBJC_WEAK = YES;
				CLANG_WARN_BLOCK_CAPTURE_AUTORELEASING = YES;
				CLANG_WARN_BOOL_CONVERSION = YES;
				CLANG_WARN_COMMA = YES;
				CLANG_WARN_CONSTANT_CONVERSION = YES;
				CLANG_WARN_DEPRECATED_OBJC_IMPLEMENTATIONS = YES;
				CLANG_WARN_DIRECT_OBJC_ISA_USAGE = YES_ERROR;
				CLANG_WARN_DOCUMENTATION_COMMENTS = YES;
				CLANG_WARN_EMPTY_BODY = YES;
				CLANG_WARN_ENUM_CONVERSION = YES;
				CLANG_WARN_INFINITE_RECURSION = YES;
				CLANG_WARN_INT_CONVERSION = YES;
				CLANG_WARN_NON_LITERAL_NULL_CONVERSION = YES;
				CLANG_WARN_OBJC_IMPLICIT_RETAIN_SELF = YES;
				CLANG_WARN_OBJC_LITERAL_CONVERSION = YES;
				CLANG_WARN_OBJC_ROOT_CLASS = YES_ERROR;
				CLANG_WARN_RANGE_LOOP_ANALYSIS = YES;
				CLANG_WARN_STRICT_PROTOTYPES = YES;
				CLANG_WARN_SUSPICIOUS_MOVE = YES;
				CLANG_WARN_UNGUARDED_AVAILABILITY = YES_AGGRESSIVE;
				CLANG_WARN_UNREACHABLE_CODE = YES;
				CLANG_WARN__DUPLICATE_METHOD_MATCH = YES;
				CODE_SIGN_IDENTITY = "iPhone Developer";
				COPY_PHASE_STRIP = NO;
				DEBUG_INFORMATION_FORMAT = dwarf;
				ENABLE_STRICT_OBJC_MSGSEND = YES;
				ENABLE_TESTABILITY = YES;
				GCC_C_LANGUAGE_STANDARD = gnu11;
				GCC_DYNAMIC_NO_PIC = NO;
				GCC_NO_COMMON_BLOCKS = YES;
				GCC_OPTIMIZATION_LEVEL = 0;
				GCC_PREPROCESSOR_DEFINITIONS = (
					"DEBUG=1",
					"$(inherited)",
				);
				GCC_WARN_64_TO_32_BIT_CONVERSION = YES;
				GCC_WARN_ABOUT_RETURN_TYPE = YES_ERROR;
				GCC_WARN_UNDECLARED_SELECTOR = YES;
				GCC_WARN_UNINITIALIZED_AUTOS = YES_AGGRESSIVE;
				GCC_WARN_UNUSED_FUNCTION = YES;
				GCC_WARN_UNUSED_VARIABLE = YES;
				IPHONEOS_DEPLOYMENT_TARGET = 11.3;
				MTL_ENABLE_DEBUG_INFO = YES;
				ONLY_ACTIVE_ARCH = YES;
				SDKROOT = iphoneos;
				SWIFT_ACTIVE_COMPILATION_CONDITIONS = DEBUG;
				SWIFT_OPTIMIZATION_LEVEL = "-Onone";
			};
			name = Debug;
		};
		A0EEC639207EDD88000F644B /* Release */ = {
			isa = XCBuildConfiguration;
			buildSettings = {
				ALWAYS_SEARCH_USER_PATHS = NO;
				CLANG_ANALYZER_NONNULL = YES;
				CLANG_ANALYZER_NUMBER_OBJECT_CONVERSION = YES_AGGRESSIVE;
				CLANG_CXX_LANGUAGE_STANDARD = "gnu++14";
				CLANG_CXX_LIBRARY = "libc++";
				CLANG_ENABLE_MODULES = YES;
				CLANG_ENABLE_OBJC_ARC = YES;
				CLANG_ENABLE_OBJC_WEAK = YES;
				CLANG_WARN_BLOCK_CAPTURE_AUTORELEASING = YES;
				CLANG_WARN_BOOL_CONVERSION = YES;
				CLANG_WARN_COMMA = YES;
				CLANG_WARN_CONSTANT_CONVERSION = YES;
				CLANG_WARN_DEPRECATED_OBJC_IMPLEMENTATIONS = YES;
				CLANG_WARN_DIRECT_OBJC_ISA_USAGE = YES_ERROR;
				CLANG_WARN_DOCUMENTATION_COMMENTS = YES;
				CLANG_WARN_EMPTY_BODY = YES;
				CLANG_WARN_ENUM_CONVERSION = YES;
				CLANG_WARN_INFINITE_RECURSION = YES;
				CLANG_WARN_INT_CONVERSION = YES;
				CLANG_WARN_NON_LITERAL_NULL_CONVERSION = YES;
				CLANG_WARN_OBJC_IMPLICIT_RETAIN_SELF = YES;
				CLANG_WARN_OBJC_LITERAL_CONVERSION = YES;
				CLANG_WARN_OBJC_ROOT_CLASS = YES_ERROR;
				CLANG_WARN_RANGE_LOOP_ANALYSIS = YES;
				CLANG_WARN_STRICT_PROTOTYPES = YES;
				CLANG_WARN_SUSPICIOUS_MOVE = YES;
				CLANG_WARN_UNGUARDED_AVAILABILITY = YES_AGGRESSIVE;
				CLANG_WARN_UNREACHABLE_CODE = YES;
				CLANG_WARN__DUPLICATE_METHOD_MATCH = YES;
				CODE_SIGN_IDENTITY = "iPhone Developer";
				COPY_PHASE_STRIP = NO;
				DEBUG_INFORMATION_FORMAT = "dwarf-with-dsym";
				ENABLE_NS_ASSERTIONS = NO;
				ENABLE_STRICT_OBJC_MSGSEND = YES;
				GCC_C_LANGUAGE_STANDARD = gnu11;
				GCC_NO_COMMON_BLOCKS = YES;
				GCC_WARN_64_TO_32_BIT_CONVERSION = YES;
				GCC_WARN_ABOUT_RETURN_TYPE = YES_ERROR;
				GCC_WARN_UNDECLARED_SELECTOR = YES;
				GCC_WARN_UNINITIALIZED_AUTOS = YES_AGGRESSIVE;
				GCC_WARN_UNUSED_FUNCTION = YES;
				GCC_WARN_UNUSED_VARIABLE = YES;
				IPHONEOS_DEPLOYMENT_TARGET = 11.3;
				MTL_ENABLE_DEBUG_INFO = NO;
				SDKROOT = iphoneos;
				SWIFT_COMPILATION_MODE = wholemodule;
				SWIFT_OPTIMIZATION_LEVEL = "-O";
				VALIDATE_PRODUCT = YES;
			};
			name = Release;
		};
		A0EEC63B207EDD88000F644B /* Debug */ = {
			isa = XCBuildConfiguration;
			buildSettings = {
				ASSETCATALOG_COMPILER_APPICON_NAME = AppIcon;
				CODE_SIGN_STYLE = Automatic;
				DEVELOPMENT_TEAM = Y8N79BENX2;
				INFOPLIST_FILE = MarvelHeroeList/Info.plist;
				LD_RUNPATH_SEARCH_PATHS = (
					"$(inherited)",
					"@executable_path/Frameworks",
				);
				PRODUCT_BUNDLE_IDENTIFIER = "Pedro-Lopes.MarvelHeroeList";
				PRODUCT_NAME = "$(TARGET_NAME)";
				SWIFT_VERSION = 4.0;
				TARGETED_DEVICE_FAMILY = "1,2";
			};
			name = Debug;
		};
		A0EEC63C207EDD88000F644B /* Release */ = {
			isa = XCBuildConfiguration;
			buildSettings = {
				ASSETCATALOG_COMPILER_APPICON_NAME = AppIcon;
				CODE_SIGN_STYLE = Automatic;
				DEVELOPMENT_TEAM = Y8N79BENX2;
				INFOPLIST_FILE = MarvelHeroeList/Info.plist;
				LD_RUNPATH_SEARCH_PATHS = (
					"$(inherited)",
					"@executable_path/Frameworks",
				);
				PRODUCT_BUNDLE_IDENTIFIER = "Pedro-Lopes.MarvelHeroeList";
				PRODUCT_NAME = "$(TARGET_NAME)";
				SWIFT_VERSION = 4.0;
				TARGETED_DEVICE_FAMILY = "1,2";
			};
			name = Release;
		};
		A0EEC63E207EDD88000F644B /* Debug */ = {
			isa = XCBuildConfiguration;
			buildSettings = {
				ALWAYS_EMBED_SWIFT_STANDARD_LIBRARIES = YES;
				BUNDLE_LOADER = "$(TEST_HOST)";
				CODE_SIGN_STYLE = Automatic;
				DEVELOPMENT_TEAM = Y8N79BENX2;
				INFOPLIST_FILE = MarvelHeroeListTests/Info.plist;
				LD_RUNPATH_SEARCH_PATHS = (
					"$(inherited)",
					"@executable_path/Frameworks",
					"@loader_path/Frameworks",
				);
				PRODUCT_BUNDLE_IDENTIFIER = "Pedro-Lopes.MarvelHeroeListTests";
				PRODUCT_NAME = "$(TARGET_NAME)";
				SWIFT_VERSION = 4.0;
				TARGETED_DEVICE_FAMILY = "1,2";
				TEST_HOST = "$(BUILT_PRODUCTS_DIR)/MarvelHeroeList.app/MarvelHeroeList";
			};
			name = Debug;
		};
		A0EEC63F207EDD88000F644B /* Release */ = {
			isa = XCBuildConfiguration;
			buildSettings = {
				ALWAYS_EMBED_SWIFT_STANDARD_LIBRARIES = YES;
				BUNDLE_LOADER = "$(TEST_HOST)";
				CODE_SIGN_STYLE = Automatic;
				DEVELOPMENT_TEAM = Y8N79BENX2;
				INFOPLIST_FILE = MarvelHeroeListTests/Info.plist;
				LD_RUNPATH_SEARCH_PATHS = (
					"$(inherited)",
					"@executable_path/Frameworks",
					"@loader_path/Frameworks",
				);
				PRODUCT_BUNDLE_IDENTIFIER = "Pedro-Lopes.MarvelHeroeListTests";
				PRODUCT_NAME = "$(TARGET_NAME)";
				SWIFT_VERSION = 4.0;
				TARGETED_DEVICE_FAMILY = "1,2";
				TEST_HOST = "$(BUILT_PRODUCTS_DIR)/MarvelHeroeList.app/MarvelHeroeList";
			};
			name = Release;
		};
		A0EEC641207EDD88000F644B /* Debug */ = {
			isa = XCBuildConfiguration;
			buildSettings = {
				ALWAYS_EMBED_SWIFT_STANDARD_LIBRARIES = YES;
				CODE_SIGN_STYLE = Automatic;
				DEVELOPMENT_TEAM = Y8N79BENX2;
				INFOPLIST_FILE = MarvelHeroeListUITests/Info.plist;
				LD_RUNPATH_SEARCH_PATHS = (
					"$(inherited)",
					"@executable_path/Frameworks",
					"@loader_path/Frameworks",
				);
				PRODUCT_BUNDLE_IDENTIFIER = "Pedro-Lopes.MarvelHeroeListUITests";
				PRODUCT_NAME = "$(TARGET_NAME)";
				SWIFT_VERSION = 4.0;
				TARGETED_DEVICE_FAMILY = "1,2";
				TEST_TARGET_NAME = MarvelHeroeList;
			};
			name = Debug;
		};
		A0EEC642207EDD88000F644B /* Release */ = {
			isa = XCBuildConfiguration;
			buildSettings = {
				ALWAYS_EMBED_SWIFT_STANDARD_LIBRARIES = YES;
				CODE_SIGN_STYLE = Automatic;
				DEVELOPMENT_TEAM = Y8N79BENX2;
				INFOPLIST_FILE = MarvelHeroeListUITests/Info.plist;
				LD_RUNPATH_SEARCH_PATHS = (
					"$(inherited)",
					"@executable_path/Frameworks",
					"@loader_path/Frameworks",
				);
				PRODUCT_BUNDLE_IDENTIFIER = "Pedro-Lopes.MarvelHeroeListUITests";
				PRODUCT_NAME = "$(TARGET_NAME)";
				SWIFT_VERSION = 4.0;
				TARGETED_DEVICE_FAMILY = "1,2";
				TEST_TARGET_NAME = MarvelHeroeList;
			};
			name = Release;
		};
/* End XCBuildConfiguration section */

/* Begin XCConfigurationList section */
		A0EEC60D207EDD85000F644B /* Build configuration list for PBXProject "MarvelHeroeList" */ = {
			isa = XCConfigurationList;
			buildConfigurations = (
				A0EEC638207EDD88000F644B /* Debug */,
				A0EEC639207EDD88000F644B /* Release */,
			);
			defaultConfigurationIsVisible = 0;
			defaultConfigurationName = Release;
		};
		A0EEC63A207EDD88000F644B /* Build configuration list for PBXNativeTarget "MarvelHeroeList" */ = {
			isa = XCConfigurationList;
			buildConfigurations = (
				A0EEC63B207EDD88000F644B /* Debug */,
				A0EEC63C207EDD88000F644B /* Release */,
			);
			defaultConfigurationIsVisible = 0;
			defaultConfigurationName = Release;
		};
		A0EEC63D207EDD88000F644B /* Build configuration list for PBXNativeTarget "MarvelHeroeListTests" */ = {
			isa = XCConfigurationList;
			buildConfigurations = (
				A0EEC63E207EDD88000F644B /* Debug */,
				A0EEC63F207EDD88000F644B /* Release */,
			);
			defaultConfigurationIsVisible = 0;
			defaultConfigurationName = Release;
		};
		A0EEC640207EDD88000F644B /* Build configuration list for PBXNativeTarget "MarvelHeroeListUITests" */ = {
			isa = XCConfigurationList;
			buildConfigurations = (
				A0EEC641207EDD88000F644B /* Debug */,
				A0EEC642207EDD88000F644B /* Release */,
			);
			defaultConfigurationIsVisible = 0;
			defaultConfigurationName = Release;
		};
/* End XCConfigurationList section */
	};
	rootObject = A0EEC60A207EDD85000F644B /* Project object */;
}
